
Microsoft Visual Studio Solution File, Format Version 12.00
# Visual Studio Version 17
VisualStudioVersion = 17.3.32922.545
MinimumVisualStudioVersion = 10.0.40219.1
Project("{FAE04EC0-301F-11D3-BF4B-00C04F79EFBC}") = "The shortest word", "The shortest word\The shortest word.csproj", "{5128441A-A73E-4448-B160-91B2D0AFFDC0}"
EndProject
Global
	GlobalSection(SolutionConfigurationPlatforms) = preSolution
		Debug|Any CPU = Debug|Any CPU
		Release|Any CPU = Release|Any CPU
	EndGlobalSection
	GlobalSection(ProjectConfigurationPlatforms) = postSolution
		{5128441A-A73E-4448-B160-91B2D0AFFDC0}.Debug|Any CPU.ActiveCfg = Debug|Any CPU
		{5128441A-A73E-4448-B160-91B2D0AFFDC0}.Debug|Any CPU.Build.0 = Debug|Any CPU
		{5128441A-A73E-4448-B160-91B2D0AFFDC0}.Release|Any CPU.ActiveCfg = Release|Any CPU
		{5128441A-A73E-4448-B160-91B2D0AFFDC0}.Release|Any CPU.Build.0 = Release|Any CPU
	EndGlobalSection
	GlobalSection(SolutionProperties) = preSolution
		HideSolutionNode = FALSE
	EndGlobalSection
	GlobalSection(ExtensibilityGlobals) = postSolution
		SolutionGuid = {B9B041F4-0199-4ABC-B627-15736E47BE4D}
	EndGlobalSection
EndGlobal
